
Microsoft Visual Studio Solution File, Format Version 12.00
# Visual Studio 14
VisualStudioVersion = 14.0.23107.0
MinimumVisualStudioVersion = 10.0.40219.1
Project("{CC5FD16D-436D-48AD-A40C-5A424C6E3E79}") = "AuthorizationServer", "AuthorizationServer\AuthorizationServer.ccproj", "{2FBC0A9F-28E3-4854-B8D9-2ACE5C96EFB1}"
EndProject
Project("{FAE04EC0-301F-11D3-BF4B-00C04F79EFBC}") = "AuthorizeRole", "AuthorizeRole\AuthorizeRole.csproj", "{6A97015F-270F-4E29-AFE3-E9C940A6E13C}"
EndProject
Global
	GlobalSection(SolutionConfigurationPlatforms) = preSolution
		Debug|Any CPU = Debug|Any CPU
		Release|Any CPU = Release|Any CPU
	EndGlobalSection
	GlobalSection(ProjectConfigurationPlatforms) = postSolution
		{2FBC0A9F-28E3-4854-B8D9-2ACE5C96EFB1}.Debug|Any CPU.ActiveCfg = Debug|Any CPU
		{2FBC0A9F-28E3-4854-B8D9-2ACE5C96EFB1}.Debug|Any CPU.Build.0 = Debug|Any CPU
		{2FBC0A9F-28E3-4854-B8D9-2ACE5C96EFB1}.Release|Any CPU.ActiveCfg = Release|Any CPU
		{2FBC0A9F-28E3-4854-B8D9-2ACE5C96EFB1}.Release|Any CPU.Build.0 = Release|Any CPU
		{6A97015F-270F-4E29-AFE3-E9C940A6E13C}.Debug|Any CPU.ActiveCfg = Debug|Any CPU
		{6A97015F-270F-4E29-AFE3-E9C940A6E13C}.Debug|Any CPU.Build.0 = Debug|Any CPU
		{6A97015F-270F-4E29-AFE3-E9C940A6E13C}.Release|Any CPU.ActiveCfg = Release|Any CPU
		{6A97015F-270F-4E29-AFE3-E9C940A6E13C}.Release|Any CPU.Build.0 = Release|Any CPU
	EndGlobalSection
	GlobalSection(SolutionProperties) = preSolution
		HideSolutionNode = FALSE
	EndGlobalSection
EndGlobal
